// !$*UTF8*$!
{
	archiveVersion = 1;
	classes = {
	};
	objectVersion = 46;
	objects = {

/* Begin PBXBuildFile section */
		7AD4D3431CDF8ED1008213B1 /* AppDelegate.swift in Sources */ = {isa = PBXBuildFile; fileRef = 7AD4D3421CDF8ED1008213B1 /* AppDelegate.swift */; };
		7AD4D3451CDF8ED1008213B1 /* ViewController.swift in Sources */ = {isa = PBXBuildFile; fileRef = 7AD4D3441CDF8ED1008213B1 /* ViewController.swift */; };
		7AD4D3481CDF8ED2008213B1 /* Main.storyboard in Resources */ = {isa = PBXBuildFile; fileRef = 7AD4D3461CDF8ED2008213B1 /* Main.storyboard */; };
		7AD4D34A1CDF8ED2008213B1 /* Assets.xcassets in Resources */ = {isa = PBXBuildFile; fileRef = 7AD4D3491CDF8ED2008213B1 /* Assets.xcassets */; };
		7AD4D34D1CDF8ED2008213B1 /* LaunchScreen.storyboard in Resources */ = {isa = PBXBuildFile; fileRef = 7AD4D34B1CDF8ED2008213B1 /* LaunchScreen.storyboard */; };
/* End PBXBuildFile section */

/* Begin PBXFileReference section */
		7AD4D33F1CDF8ED1008213B1 /* MissingPersons.app */ = {isa = PBXFileReference; explicitFileType = wrapper.application; includeInIndex = 0; path = MissingPersons.app; sourceTree = BUILT_PRODUCTS_DIR; };
		7AD4D3421CDF8ED1008213B1 /* AppDelegate.swift */ = {isa = PBXFileReference; lastKnownFileType = sourcecode.swift; path = AppDelegate.swift; sourceTree = "<group>"; };
		7AD4D3441CDF8ED1008213B1 /* ViewController.swift */ = {isa = PBXFileReference; lastKnownFileType = sourcecode.swift; path = ViewController.swift; sourceTree = "<group>"; };
		7AD4D3471CDF8ED2008213B1 /* Base */ = {isa = PBXFileReference; lastKnownFileType = file.storyboard; name = Base; path = Base.lproj/Main.storyboard; sourceTree = "<group>"; };
		7AD4D3491CDF8ED2008213B1 /* Assets.xcassets */ = {isa = PBXFileReference; lastKnownFileType = folder.assetcatalog; path = Assets.xcassets; sourceTree = "<group>"; };
		7AD4D34C1CDF8ED2008213B1 /* Base */ = {isa = PBXFileReference; lastKnownFileType = file.storyboard; name = Base; path = Base.lproj/LaunchScreen.storyboard; sourceTree = "<group>"; };
		7AD4D34E1CDF8ED2008213B1 /* Info.plist */ = {isa = PBXFileReference; lastKnownFileType = text.plist.xml; path = Info.plist; sourceTree = "<group>"; };
/* End PBXFileReference section */

/* Begin PBXFrameworksBuildPhase section */
		7AD4D33C1CDF8ED1008213B1 /* Frameworks */ = {
			isa = PBXFrameworksBuildPhase;
			buildActionMask = 2147483647;
			files = (
			);
			runOnlyForDeploymentPostprocessing = 0;
		};
/* End PBXFrameworksBuildPhase section */

/* Begin PBXGroup section */
		7AD4D3361CDF8ED1008213B1 = {
			isa = PBXGroup;
			children = (
				7AD4D3411CDF8ED1008213B1 /* MissingPersons */,
				7AD4D3401CDF8ED1008213B1 /* Products */,
			);
			sourceTree = "<group>";
		};
		7AD4D3401CDF8ED1008213B1 /* Products */ = {
			isa = PBXGroup;
			children = (
				7AD4D33F1CDF8ED1008213B1 /* MissingPersons.app */,
			);
			name = Products;
			sourceTree = "<group>";
		};
		7AD4D3411CDF8ED1008213B1 /* MissingPersons */ = {
			isa = PBXGroup;
			children = (
				7AD4D3421CDF8ED1008213B1 /* AppDelegate.swift */,
				7AD4D3441CDF8ED1008213B1 /* ViewController.swift */,
				7AD4D3461CDF8ED2008213B1 /* Main.storyboard */,
				7AD4D3491CDF8ED2008213B1 /* Assets.xcassets */,
				7AD4D34B1CDF8ED2008213B1 /* LaunchScreen.storyboard */,
				7AD4D34E1CDF8ED2008213B1 /* Info.plist */,
			);
			path = MissingPersons;
			sourceTree = "<group>";
		};
/* End PBXGroup section */

/* Begin PBXNativeTarget section */
		7AD4D33E1CDF8ED1008213B1 /* MissingPersons */ = {
			isa = PBXNativeTarget;
			buildConfigurationList = 7AD4D3511CDF8ED2008213B1 /* Build configuration list for PBXNativeTarget "MissingPersons" */;
			buildPhases = (
				7AD4D33B1CDF8ED1008213B1 /* Sources */,
				7AD4D33C1CDF8ED1008213B1 /* Frameworks */,
				7AD4D33D1CDF8ED1008213B1 /* Resources */,
			);
			buildRules = (
			);
			dependencies = (
			);
			name = MissingPersons;
			productName = MissingPersons;
			productReference = 7AD4D33F1CDF8ED1008213B1 /* MissingPersons.app */;
			productType = "com.apple.product-type.application";
		};
/* End PBXNativeTarget section */

/* Begin PBXProject section */
		7AD4D3371CDF8ED1008213B1 /* Project object */ = {
			isa = PBXProject;
			attributes = {
				LastSwiftUpdateCheck = 0730;
				LastUpgradeCheck = 0730;
				ORGANIZATIONNAME = "Red Raven Computing Studios";
				TargetAttributes = {
					7AD4D33E1CDF8ED1008213B1 = {
						CreatedOnToolsVersion = 7.3;
					};
				};
			};
			buildConfigurationList = 7AD4D33A1CDF8ED1008213B1 /* Build configuration list for PBXProject "MissingPersons" */;
			compatibilityVersion = "Xcode 3.2";
			developmentRegion = English;
			hasScannedForEncodings = 0;
			knownRegions = (
				en,
				Base,
			);
			mainGroup = 7AD4D3361CDF8ED1008213B1;
			productRefGroup = 7AD4D3401CDF8ED1008213B1 /* Products */;
			projectDirPath = "";
			projectRoot = "";
			targets = (
				7AD4D33E1CDF8ED1008213B1 /* MissingPersons */,
			);
		};
/* End PBXProject section */

/* Begin PBXResourcesBuildPhase section */
		7AD4D33D1CDF8ED1008213B1 /* Resources */ = {
			isa = PBXResourcesBuildPhase;
			buildActionMask = 2147483647;
			files = (
				7AD4D34D1CDF8ED2008213B1 /* LaunchScreen.storyboard in Resources */,
				7AD4D34A1CDF8ED2008213B1 /* Assets.xcassets in Resources */,
				7AD4D3481CDF8ED2008213B1 /* Main.storyboard in Resources */,
			);
			runOnlyForDeploymentPostprocessing = 0;
		};
/* End PBXResourcesBuildPhase section */

/* Begin PBXSourcesBuildPhase section */
		7AD4D33B1CDF8ED1008213B1 /* Sources */ = {
			isa = PBXSourcesBuildPhase;
			buildActionMask = 2147483647;
			files = (
				7AD4D3451CDF8ED1008213B1 /* ViewController.swift in Sources */,
				7AD4D3431CDF8ED1008213B1 /* AppDelegate.swift in Sources */,
			);
			runOnlyForDeploymentPostprocessing = 0;
		};
/* End PBXSourcesBuildPhase section */

/* Begin PBXVariantGroup section */
		7AD4D3461CDF8ED2008213B1 /* Main.storyboard */ = {
			isa = PBXVariantGroup;
			children = (
				7AD4D3471CDF8ED2008213B1 /* Base */,
			);
			name = Main.storyboard;
			sourceTree = "<group>";
		};
		7AD4D34B1CDF8ED2008213B1 /* LaunchScreen.storyboard */ = {
			isa = PBXVariantGroup;
			children = (
				7AD4D34C1CDF8ED2008213B1 /* Base */,
			);
			name = LaunchScreen.storyboard;
			sourceTree = "<group>";
		};
/* End PBXVariantGroup section */

/* Begin XCBuildConfiguration section */
		7AD4D34F1CDF8ED2008213B1 /* Debug */ = {
			isa = XCBuildConfiguration;
			buildSettings = {
				ALWAYS_SEARCH_USER_PATHS = NO;
				CLANG_ANALYZER_NONNULL = YES;
				CLANG_CXX_LANGUAGE_STANDARD = "gnu++0x";
				CLANG_CXX_LIBRARY = "libc++";
				CLANG_ENABLE_MODULES = YES;
				CLANG_ENABLE_OBJC_ARC = YES;
				CLANG_WARN_BOOL_CONVERSION = YES;
				CLANG_WARN_CONSTANT_CONVERSION = YES;
				CLANG_WARN_DIRECT_OBJC_ISA_USAGE = YES_ERROR;
				CLANG_WARN_EMPTY_BODY = YES;
				CLANG_WARN_ENUM_CONVERSION = YES;
				CLANG_WARN_INT_CONVERSION = YES;
				CLANG_WARN_OBJC_ROOT_CLASS = YES_ERROR;
				CLANG_WARN_UNREACHABLE_CODE = YES;
				CLANG_WARN__DUPLICATE_METHOD_MATCH = YES;
				"CODE_SIGN_IDENTITY[sdk=iphoneos*]" = "iPhone Developer";
				COPY_PHASE_STRIP = NO;
				DEBUG_INFORMATION_FORMAT = dwarf;
				ENABLE_STRICT_OBJC_MSGSEND = YES;
				ENABLE_TESTABILITY = YES;
				GCC_C_LANGUAGE_STANDARD = gnu99;
				GCC_DYNAMIC_NO_PIC = NO;
				GCC_NO_COMMON_BLOCKS = YES;
				GCC_OPTIMIZATION_LEVEL = 0;
				GCC_PREPROCESSOR_DEFINITIONS = (
					"DEBUG=1",
					"$(inherited)",
				);
				GCC_WARN_64_TO_32_BIT_CONVERSION = YES;
				GCC_WARN_ABOUT_RETURN_TYPE = YES_ERROR;
				GCC_WARN_UNDECLARED_SELECTOR = YES;
				GCC_WARN_UNINITIALIZED_AUTOS = YES_AGGRESSIVE;
				GCC_WARN_UNUSED_FUNCTION = YES;
				GCC_WARN_UNUSED_VARIABLE = YES;
				IPHONEOS_DEPLOYMENT_TARGET = 9.3;
				MTL_ENABLE_DEBUG_INFO = YES;
				ONLY_ACTIVE_ARCH = YES;
				SDKROOT = iphoneos;
				SWIFT_OPTIMIZATION_LEVEL = "-Onone";
				TARGETED_DEVICE_FAMILY = "1,2";
			};
			name = Debug;
		};
		7AD4D3501CDF8ED2008213B1 /* Release */ = {
			isa = XCBuildConfiguration;
			buildSettings = {
				ALWAYS_SEARCH_USER_PATHS = NO;
				CLANG_ANALYZER_NONNULL = YES;
				CLANG_CXX_LANGUAGE_STANDARD = "gnu++0x";
				CLANG_CXX_LIBRARY = "libc++";
				CLANG_ENABLE_MODULES = YES;
				CLANG_ENABLE_OBJC_ARC = YES;
				CLANG_WARN_BOOL_CONVERSION = YES;
				CLANG_WARN_CONSTANT_CONVERSION = YES;
				CLANG_WARN_DIRECT_OBJC_ISA_USAGE = YES_ERROR;
				CLANG_WARN_EMPTY_BODY = YES;
				CLANG_WARN_ENUM_CONVERSION = YES;
				CLANG_WARN_INT_CONVERSION = YES;
				CLANG_WARN_OBJC_ROOT_CLASS = YES_ERROR;
				CLANG_WARN_UNREACHABLE_CODE = YES;
				CLANG_WARN__DUPLICATE_METHOD_MATCH = YES;
				"CODE_SIGN_IDENTITY[sdk=iphoneos*]" = "iPhone Developer";
				COPY_PHASE_STRIP = NO;
				DEBUG_INFORMATION_FORMAT = "dwarf-with-dsym";
				ENABLE_NS_ASSERTIONS = NO;
				ENABLE_STRICT_OBJC_MSGSEND = YES;
				GCC_C_LANGUAGE_STANDARD = gnu99;
				GCC_NO_COMMON_BLOCKS = YES;
				GCC_WARN_64_TO_32_BIT_CONVERSION = YES;
				GCC_WARN_ABOUT_RETURN_TYPE = YES_ERROR;
				GCC_WARN_UNDECLARED_SELECTOR = YES;
				GCC_WARN_UNINITIALIZED_AUTOS = YES_AGGRESSIVE;
				GCC_WARN_UNUSED_FUNCTION = YES;
				GCC_WARN_UNUSED_VARIABLE = YES;
				IPHONEOS_DEPLOYMENT_TARGET = 9.3;
				MTL_ENABLE_DEBUG_INFO = NO;
				SDKROOT = iphoneos;
				TARGETED_DEVICE_FAMILY = "1,2";
				VALIDATE_PRODUCT = YES;
			};
			name = Release;
		};
		7AD4D3521CDF8ED2008213B1 /* Debug */ = {
			isa = XCBuildConfiguration;
			buildSettings = {
				ASSETCATALOG_COMPILER_APPICON_NAME = AppIcon;
				INFOPLIST_FILE = MissingPersons/Info.plist;
				LD_RUNPATH_SEARCH_PATHS = "$(inherited) @executable_path/Frameworks";
				PRODUCT_BUNDLE_IDENTIFIER = com.redravencomputing.MissingPersons;
				PRODUCT_NAME = "$(TARGET_NAME)";
			};
			name = Debug;
		};
		7AD4D3531CDF8ED2008213B1 /* Release */ = {
			isa = XCBuildConfiguration;
			buildSettings = {
				ASSETCATALOG_COMPILER_APPICON_NAME = AppIcon;
				INFOPLIST_FILE = MissingPersons/Info.plist;
				LD_RUNPATH_SEARCH_PATHS = "$(inherited) @executable_path/Frameworks";
				PRODUCT_BUNDLE_IDENTIFIER = com.redravencomputing.MissingPersons;
				PRODUCT_NAME = "$(TARGET_NAME)";
			};
			name = Release;
		};
/* End XCBuildConfiguration section */

/* Begin XCConfigurationList section */
		7AD4D33A1CDF8ED1008213B1 /* Build configuration list for PBXProject "MissingPersons" */ = {
			isa = XCConfigurationList;
			buildConfigurations = (
				7AD4D34F1CDF8ED2008213B1 /* Debug */,
				7AD4D3501CDF8ED2008213B1 /* Release */,
			);
			defaultConfigurationIsVisible = 0;
			defaultConfigurationName = Release;
		};
		7AD4D3511CDF8ED2008213B1 /* Build configuration list for PBXNativeTarget "MissingPersons" */ = {
			isa = XCConfigurationList;
			buildConfigurations = (
				7AD4D3521CDF8ED2008213B1 /* Debug */,
				7AD4D3531CDF8ED2008213B1 /* Release */,
			);
			defaultConfigurationIsVisible = 0;
		};
/* End XCConfigurationList section */
	};
	rootObject = 7AD4D3371CDF8ED1008213B1 /* Project object */;
}
